
Microsoft Visual Studio Solution File, Format Version 12.00
# Visual Studio Version 17
VisualStudioVersion = 17.8.34330.188
MinimumVisualStudioVersion = 10.0.40219.1
Project("{2150E333-8FDC-42A3-9474-1A3956D46DE8}") = "src", "src", "{CAC4E6AE-DA27-4A52-B4E5-516CBFFBD8B2}"
EndProject
Project("{2150E333-8FDC-42A3-9474-1A3956D46DE8}") = "test", "test", "{1379AE5D-2BE5-4A25-AADE-C0062EBF36B5}"
EndProject
Project("{2150E333-8FDC-42A3-9474-1A3956D46DE8}") = "00.Packages", "00.Packages", "{63B1905C-89A1-4A4D-86CE-1FB424078E32}"
EndProject
Project("{2150E333-8FDC-42A3-9474-1A3956D46DE8}") = "01.Core", "01.Core", "{3A3D230B-46CB-473A-A27E-6752FCAD831F}"
EndProject
Project("{2150E333-8FDC-42A3-9474-1A3956D46DE8}") = "02.InfraStructure", "02.InfraStructure", "{762BA231-DAC8-4865-9FFB-E9253E8FBED0}"
EndProject
Project("{2150E333-8FDC-42A3-9474-1A3956D46DE8}") = "03.Presentation", "03.Presentation", "{F1D692CA-40D9-47B2-B064-1DCD84AD5D16}"
EndProject
Project("{9A19103F-16F7-4668-BE54-9A1E7A4F7556}") = "VideoClub.Contracts", "VideoClub.Contracts\VideoClub.Contracts.csproj", "{8B79DE48-88DC-42D0-A506-828C071E9A45}"
EndProject
Project("{9A19103F-16F7-4668-BE54-9A1E7A4F7556}") = "VideoClub.Entities", "VideoClub.Entities\VideoClub.Entities.csproj", "{F9D1D4D6-1A9C-4ED4-8F73-916AFBE85547}"
EndProject
Project("{9A19103F-16F7-4668-BE54-9A1E7A4F7556}") = "VideoClub.Services", "VideoClub.Services\VideoClub.Services.csproj", "{79A73BA4-2472-45E6-B9D9-F41144454FC3}"
EndProject
Project("{9A19103F-16F7-4668-BE54-9A1E7A4F7556}") = "VideoClub.Migrations", "VideoClub.Migrations\VideoClub.Migrations.csproj", "{2200A5DD-1A8D-4E9C-A4E3-5565920F3F14}"
EndProject
Project("{9A19103F-16F7-4668-BE54-9A1E7A4F7556}") = "VideoClub.Persistence.EF", "VideoClub.Persistence.EF\VideoClub.Persistence.EF.csproj", "{CBBA8475-503E-499F-9EBA-8E45C97D7E7E}"
EndProject
Project("{9A19103F-16F7-4668-BE54-9A1E7A4F7556}") = "VideoClub.Api", "VideoClub.Api\VideoClub.Api.csproj", "{0FF9486F-0A09-408A-BD29-E39886FEA58E}"
EndProject
Project("{9A19103F-16F7-4668-BE54-9A1E7A4F7556}") = "VideoClub.Services.Unit.Tests", "VideoClub.Services.Unit.Tests\VideoClub.Services.Unit.Tests.csproj", "{2C8113B5-3752-4931-BE6B-2B33B59BA338}"
EndProject
Project("{9A19103F-16F7-4668-BE54-9A1E7A4F7556}") = "VideoClub.Test.Tools", "VideoClub.Test.Tools\VideoClub.Test.Tools.csproj", "{7DB19D32-308D-4AAC-9C3F-AF10C0666129}"
EndProject
Project("{FAE04EC0-301F-11D3-BF4B-00C04F79EFBC}") = "VideoClub.Infrastructure", "VideoClub.Infrastructure\VideoClub.Infrastructure.csproj", "{77113582-0300-4581-BC1B-A960B4572E34}"
EndProject
Global
	GlobalSection(SolutionConfigurationPlatforms) = preSolution
		Debug|Any CPU = Debug|Any CPU
		Release|Any CPU = Release|Any CPU
	EndGlobalSection
	GlobalSection(ProjectConfigurationPlatforms) = postSolution
		{8B79DE48-88DC-42D0-A506-828C071E9A45}.Debug|Any CPU.ActiveCfg = Debug|Any CPU
		{8B79DE48-88DC-42D0-A506-828C071E9A45}.Debug|Any CPU.Build.0 = Debug|Any CPU
		{8B79DE48-88DC-42D0-A506-828C071E9A45}.Release|Any CPU.ActiveCfg = Release|Any CPU
		{8B79DE48-88DC-42D0-A506-828C071E9A45}.Release|Any CPU.Build.0 = Release|Any CPU
		{F9D1D4D6-1A9C-4ED4-8F73-916AFBE85547}.Debug|Any CPU.ActiveCfg = Debug|Any CPU
		{F9D1D4D6-1A9C-4ED4-8F73-916AFBE85547}.Debug|Any CPU.Build.0 = Debug|Any CPU
		{F9D1D4D6-1A9C-4ED4-8F73-916AFBE85547}.Release|Any CPU.ActiveCfg = Release|Any CPU
		{F9D1D4D6-1A9C-4ED4-8F73-916AFBE85547}.Release|Any CPU.Build.0 = Release|Any CPU
		{79A73BA4-2472-45E6-B9D9-F41144454FC3}.Debug|Any CPU.ActiveCfg = Debug|Any CPU
		{79A73BA4-2472-45E6-B9D9-F41144454FC3}.Debug|Any CPU.Build.0 = Debug|Any CPU
		{79A73BA4-2472-45E6-B9D9-F41144454FC3}.Release|Any CPU.ActiveCfg = Release|Any CPU
		{79A73BA4-2472-45E6-B9D9-F41144454FC3}.Release|Any CPU.Build.0 = Release|Any CPU
		{2200A5DD-1A8D-4E9C-A4E3-5565920F3F14}.Debug|Any CPU.ActiveCfg = Debug|Any CPU
		{2200A5DD-1A8D-4E9C-A4E3-5565920F3F14}.Debug|Any CPU.Build.0 = Debug|Any CPU
		{2200A5DD-1A8D-4E9C-A4E3-5565920F3F14}.Release|Any CPU.ActiveCfg = Release|Any CPU
		{2200A5DD-1A8D-4E9C-A4E3-5565920F3F14}.Release|Any CPU.Build.0 = Release|Any CPU
		{CBBA8475-503E-499F-9EBA-8E45C97D7E7E}.Debug|Any CPU.ActiveCfg = Debug|Any CPU
		{CBBA8475-503E-499F-9EBA-8E45C97D7E7E}.Debug|Any CPU.Build.0 = Debug|Any CPU
		{CBBA8475-503E-499F-9EBA-8E45C97D7E7E}.Release|Any CPU.ActiveCfg = Release|Any CPU
		{CBBA8475-503E-499F-9EBA-8E45C97D7E7E}.Release|Any CPU.Build.0 = Release|Any CPU
		{0FF9486F-0A09-408A-BD29-E39886FEA58E}.Debug|Any CPU.ActiveCfg = Debug|Any CPU
		{0FF9486F-0A09-408A-BD29-E39886FEA58E}.Debug|Any CPU.Build.0 = Debug|Any CPU
		{0FF9486F-0A09-408A-BD29-E39886FEA58E}.Release|Any CPU.ActiveCfg = Release|Any CPU
		{0FF9486F-0A09-408A-BD29-E39886FEA58E}.Release|Any CPU.Build.0 = Release|Any CPU
		{2C8113B5-3752-4931-BE6B-2B33B59BA338}.Debug|Any CPU.ActiveCfg = Debug|Any CPU
		{2C8113B5-3752-4931-BE6B-2B33B59BA338}.Debug|Any CPU.Build.0 = Debug|Any CPU
		{2C8113B5-3752-4931-BE6B-2B33B59BA338}.Release|Any CPU.ActiveCfg = Release|Any CPU
		{2C8113B5-3752-4931-BE6B-2B33B59BA338}.Release|Any CPU.Build.0 = Release|Any CPU
		{7DB19D32-308D-4AAC-9C3F-AF10C0666129}.Debug|Any CPU.ActiveCfg = Debug|Any CPU
		{7DB19D32-308D-4AAC-9C3F-AF10C0666129}.Debug|Any CPU.Build.0 = Debug|Any CPU
		{7DB19D32-308D-4AAC-9C3F-AF10C0666129}.Release|Any CPU.ActiveCfg = Release|Any CPU
		{7DB19D32-308D-4AAC-9C3F-AF10C0666129}.Release|Any CPU.Build.0 = Release|Any CPU
		{77113582-0300-4581-BC1B-A960B4572E34}.Debug|Any CPU.ActiveCfg = Debug|Any CPU
		{77113582-0300-4581-BC1B-A960B4572E34}.Debug|Any CPU.Build.0 = Debug|Any CPU
		{77113582-0300-4581-BC1B-A960B4572E34}.Release|Any CPU.ActiveCfg = Release|Any CPU
		{77113582-0300-4581-BC1B-A960B4572E34}.Release|Any CPU.Build.0 = Release|Any CPU
	EndGlobalSection
	GlobalSection(SolutionProperties) = preSolution
		HideSolutionNode = FALSE
	EndGlobalSection
	GlobalSection(NestedProjects) = preSolution
		{63B1905C-89A1-4A4D-86CE-1FB424078E32} = {CAC4E6AE-DA27-4A52-B4E5-516CBFFBD8B2}
		{3A3D230B-46CB-473A-A27E-6752FCAD831F} = {CAC4E6AE-DA27-4A52-B4E5-516CBFFBD8B2}
		{762BA231-DAC8-4865-9FFB-E9253E8FBED0} = {CAC4E6AE-DA27-4A52-B4E5-516CBFFBD8B2}
		{F1D692CA-40D9-47B2-B064-1DCD84AD5D16} = {CAC4E6AE-DA27-4A52-B4E5-516CBFFBD8B2}
		{8B79DE48-88DC-42D0-A506-828C071E9A45} = {63B1905C-89A1-4A4D-86CE-1FB424078E32}
		{F9D1D4D6-1A9C-4ED4-8F73-916AFBE85547} = {3A3D230B-46CB-473A-A27E-6752FCAD831F}
		{79A73BA4-2472-45E6-B9D9-F41144454FC3} = {3A3D230B-46CB-473A-A27E-6752FCAD831F}
		{2200A5DD-1A8D-4E9C-A4E3-5565920F3F14} = {762BA231-DAC8-4865-9FFB-E9253E8FBED0}
		{CBBA8475-503E-499F-9EBA-8E45C97D7E7E} = {762BA231-DAC8-4865-9FFB-E9253E8FBED0}
		{0FF9486F-0A09-408A-BD29-E39886FEA58E} = {F1D692CA-40D9-47B2-B064-1DCD84AD5D16}
		{2C8113B5-3752-4931-BE6B-2B33B59BA338} = {1379AE5D-2BE5-4A25-AADE-C0062EBF36B5}
		{7DB19D32-308D-4AAC-9C3F-AF10C0666129} = {1379AE5D-2BE5-4A25-AADE-C0062EBF36B5}
		{77113582-0300-4581-BC1B-A960B4572E34} = {762BA231-DAC8-4865-9FFB-E9253E8FBED0}
	EndGlobalSection
	GlobalSection(ExtensibilityGlobals) = postSolution
		SolutionGuid = {6CB7804A-E165-4C49-8332-3962FE6C9197}
	EndGlobalSection
EndGlobal
